
Microsoft Visual Studio Solution File, Format Version 12.00
# Visual Studio Version 17
VisualStudioVersion = 17.1.32407.343
MinimumVisualStudioVersion = 10.0.40219.1
Project("{FAE04EC0-301F-11D3-BF4B-00C04F79EFBC}") = "Farm", "Farm\Farm.csproj", "{F1D17CAB-81A8-4F39-97C9-6368F9B65206}"
EndProject
Global
	GlobalSection(SolutionConfigurationPlatforms) = preSolution
		Debug|Any CPU = Debug|Any CPU
		Release|Any CPU = Release|Any CPU
	EndGlobalSection
	GlobalSection(ProjectConfigurationPlatforms) = postSolution
		{F1D17CAB-81A8-4F39-97C9-6368F9B65206}.Debug|Any CPU.ActiveCfg = Debug|Any CPU
		{F1D17CAB-81A8-4F39-97C9-6368F9B65206}.Debug|Any CPU.Build.0 = Debug|Any CPU
		{F1D17CAB-81A8-4F39-97C9-6368F9B65206}.Release|Any CPU.ActiveCfg = Release|Any CPU
		{F1D17CAB-81A8-4F39-97C9-6368F9B65206}.Release|Any CPU.Build.0 = Release|Any CPU
	EndGlobalSection
	GlobalSection(SolutionProperties) = preSolution
		HideSolutionNode = FALSE
	EndGlobalSection
	GlobalSection(ExtensibilityGlobals) = postSolution
		SolutionGuid = {3107045F-A731-4A6D-A386-D6971B203019}
	EndGlobalSection
EndGlobal
